
Microsoft Visual Studio Solution File, Format Version 12.00
# Visual Studio 2013
VisualStudioVersion = 12.0.31101.0
MinimumVisualStudioVersion = 10.0.40219.1
Project("{FAE04EC0-301F-11D3-BF4B-00C04F79EFBC}") = "ProgrammingAssignment1_SpecialTopics", "ProgrammingAssignment1_SpecialTopics\ProgrammingAssignment1_SpecialTopics.csproj", "{27C682FD-CF23-497C-891F-CE6EDCF273B2}"
EndProject
Global
	GlobalSection(SolutionConfigurationPlatforms) = preSolution
		Debug|Any CPU = Debug|Any CPU
		Release|Any CPU = Release|Any CPU
	EndGlobalSection
	GlobalSection(ProjectConfigurationPlatforms) = postSolution
		{27C682FD-CF23-497C-891F-CE6EDCF273B2}.Debug|Any CPU.ActiveCfg = Debug|Any CPU
		{27C682FD-CF23-497C-891F-CE6EDCF273B2}.Debug|Any CPU.Build.0 = Debug|Any CPU
		{27C682FD-CF23-497C-891F-CE6EDCF273B2}.Release|Any CPU.ActiveCfg = Release|Any CPU
		{27C682FD-CF23-497C-891F-CE6EDCF273B2}.Release|Any CPU.Build.0 = Release|Any CPU
	EndGlobalSection
	GlobalSection(SolutionProperties) = preSolution
		HideSolutionNode = FALSE
	EndGlobalSection
	GlobalSection(CodealikeProperties) = postSolution
		SolutionGuid = a31993c2-24b5-4668-a993-cd3fa496b021
	EndGlobalSection
EndGlobal
